github.com/pandasoli/goterm v0.2.2 h1:l1Pd6TmvQQrXWagWVasrEVgv3IZtMODwAnklD+Tcrwo=
github.com/pandasoli/goterm v0.2.2/go.mod h1:HapDi6GonKCPcfJO3AKHvE8FPQfyzEbYsA8MI4ljkPU=
golang.org/x/sys v0.6.0 h1:MVltZSvRTcU2ljQOhs94SXPftV6DCNnZViHeQps87pQ=
golang.org/x/sys v0.6.0/go.mod h1:oPkhp1MJrh7nUepCBck5+mAzfO9JrbApNNgaTdGDITg=
